
Microsoft Visual Studio Solution File, Format Version 12.00
# Visual Studio Version 16
VisualStudioVersion = 16.0.31605.320
MinimumVisualStudioVersion = 10.0.40219.1
Project("{2150E333-8FDC-42A3-9474-1A3956D46DE8}") = "Services", "Services", "{CC403710-C216-4491-B120-D66CBAC0BAF2}"
EndProject
Project("{2150E333-8FDC-42A3-9474-1A3956D46DE8}") = "Catalog", "Catalog", "{4A20AF86-FFA7-429C-A3FD-00785CAE9D9D}"
EndProject
Project("{9A19103F-16F7-4668-BE54-9A1E7A4F7556}") = "Services.Catalog", "Services\Catalog\Services.Catalog\Services.Catalog.csproj", "{F4EDE1B0-A3F0-4A33-B901-52B3CEF6A448}"
EndProject
Project("{2150E333-8FDC-42A3-9474-1A3956D46DE8}") = "Solution Items", "Solution Items", "{93310F85-C462-4EB7-BF49-66CAF062CF9F}"
	ProjectSection(SolutionItems) = preProject
		Ports.txt = Ports.txt
	EndProjectSection
EndProject
Project("{2150E333-8FDC-42A3-9474-1A3956D46DE8}") = "Shared", "Shared", "{873B1CBC-CAC9-431B-B394-0D6530877C5A}"
EndProject
Project("{9A19103F-16F7-4668-BE54-9A1E7A4F7556}") = "Course.Shared", "Shared\Course.Shared\Course.Shared.csproj", "{A9C6C998-459B-4F6C-BE41-0E85B9BD0F70}"
EndProject
Project("{2150E333-8FDC-42A3-9474-1A3956D46DE8}") = "IdentityServer", "IdentityServer", "{E91021FE-456B-441B-A42C-E493E8FABFEF}"
EndProject
Project("{9A19103F-16F7-4668-BE54-9A1E7A4F7556}") = "IdentityServer", "IdentityServer\IdentityServer\IdentityServer.csproj", "{C9F7AA46-703D-4140-954B-0231D4F65AE1}"
EndProject
Project("{2150E333-8FDC-42A3-9474-1A3956D46DE8}") = "PhotoStock", "PhotoStock", "{A7739171-86A8-4CCF-921A-4902EEE747F6}"
EndProject
Project("{9A19103F-16F7-4668-BE54-9A1E7A4F7556}") = "Services.PhotoStock", "Services\PhotoStock\Services.PhotoStock\Services.PhotoStock.csproj", "{F912B4D0-C68B-4480-8166-A95E4CDB1067}"
EndProject
Project("{2150E333-8FDC-42A3-9474-1A3956D46DE8}") = "Basket", "Basket", "{20C8559E-F5E0-43FB-8E18-FB1AD0E000F9}"
EndProject
Project("{9A19103F-16F7-4668-BE54-9A1E7A4F7556}") = "Services.Basket", "Services\Basket\Services.Basket\Services.Basket.csproj", "{8AFE46E7-6260-4ECA-A232-038B8E7CBBBB}"
EndProject
Project("{2150E333-8FDC-42A3-9474-1A3956D46DE8}") = "Discount", "Discount", "{D7213B8B-EEAC-4734-8644-1C95CDD97C40}"
EndProject
Project("{9A19103F-16F7-4668-BE54-9A1E7A4F7556}") = "Services.Discount", "Services\Discount\Services.Discount\Services.Discount.csproj", "{CF4730B2-2C9A-4FF6-81CE-4B6ECA4D3923}"
EndProject
Project("{2150E333-8FDC-42A3-9474-1A3956D46DE8}") = "Order", "Order", "{FCEE638F-5F0C-4185-8239-2A7E1690B5E9}"
EndProject
Project("{9A19103F-16F7-4668-BE54-9A1E7A4F7556}") = "Services.Order.API", "Services\Order\Services.Order.API\Services.Order.API.csproj", "{EAEF0C7D-B9A5-414A-B249-C0768E07DFB1}"
EndProject
Project("{9A19103F-16F7-4668-BE54-9A1E7A4F7556}") = "Services.Order.Application", "Services\Order\Services.Order.Application\Services.Order.Application.csproj", "{1CC01A04-FD63-4248-9D45-EE9A23E9BCAB}"
EndProject
Project("{9A19103F-16F7-4668-BE54-9A1E7A4F7556}") = "Services.Order.Domain", "Services\Order\Services.Order.Domain\Services.Order.Domain.csproj", "{2806BBE5-294E-4943-91C5-1FC4BA659F80}"
EndProject
Project("{9A19103F-16F7-4668-BE54-9A1E7A4F7556}") = "Services.Order.Domain.Core", "Services\Order\Services.Order.Domain.Core\Services.Order.Domain.Core.csproj", "{DBFD6D43-FD18-4D23-AC2B-ECABB5495F4C}"
EndProject
Project("{9A19103F-16F7-4668-BE54-9A1E7A4F7556}") = "Services.Order.Infrastructure", "Services\Order\Services.Order.Infrastructure\Services.Order.Infrastructure.csproj", "{A1769CDF-0E03-4F0F-B8D4-0EDA1F2CC73F}"
EndProject
Project("{2150E333-8FDC-42A3-9474-1A3956D46DE8}") = "FakePayment", "FakePayment", "{EE04718A-A802-46AC-8D6B-3332D8EADF6B}"
EndProject
Project("{9A19103F-16F7-4668-BE54-9A1E7A4F7556}") = "Services.FakePayment", "Services\FakePayment\Services.FakePayment\Services.FakePayment.csproj", "{632343B3-996D-49EC-82FC-AE88F67184CC}"
EndProject
Project("{2150E333-8FDC-42A3-9474-1A3956D46DE8}") = "Gateways", "Gateways", "{02AE8D95-31C5-4425-82B6-60F65940EEC1}"
EndProject
Project("{9A19103F-16F7-4668-BE54-9A1E7A4F7556}") = "Gateway", "Gateway\Gateway.csproj", "{CF4F02C2-DCA1-4108-8E3A-7F70A2F1AC1F}"
EndProject
Project("{2150E333-8FDC-42A3-9474-1A3956D46DE8}") = "Frontends", "Frontends", "{3E15C331-F79D-45C3-8955-2D251DAEB27E}"
EndProject
Project("{FAE04EC0-301F-11D3-BF4B-00C04F79EFBC}") = "Web", "Frontends\Web\Web.csproj", "{428DEA02-70CB-4418-9799-384843B13E33}"
EndProject
Global
	GlobalSection(SolutionConfigurationPlatforms) = preSolution
		Debug|Any CPU = Debug|Any CPU
		Release|Any CPU = Release|Any CPU
	EndGlobalSection
	GlobalSection(ProjectConfigurationPlatforms) = postSolution
		{F4EDE1B0-A3F0-4A33-B901-52B3CEF6A448}.Debug|Any CPU.ActiveCfg = Debug|Any CPU
		{F4EDE1B0-A3F0-4A33-B901-52B3CEF6A448}.Debug|Any CPU.Build.0 = Debug|Any CPU
		{F4EDE1B0-A3F0-4A33-B901-52B3CEF6A448}.Release|Any CPU.ActiveCfg = Release|Any CPU
		{F4EDE1B0-A3F0-4A33-B901-52B3CEF6A448}.Release|Any CPU.Build.0 = Release|Any CPU
		{A9C6C998-459B-4F6C-BE41-0E85B9BD0F70}.Debug|Any CPU.ActiveCfg = Debug|Any CPU
		{A9C6C998-459B-4F6C-BE41-0E85B9BD0F70}.Debug|Any CPU.Build.0 = Debug|Any CPU
		{A9C6C998-459B-4F6C-BE41-0E85B9BD0F70}.Release|Any CPU.ActiveCfg = Release|Any CPU
		{A9C6C998-459B-4F6C-BE41-0E85B9BD0F70}.Release|Any CPU.Build.0 = Release|Any CPU
		{C9F7AA46-703D-4140-954B-0231D4F65AE1}.Debug|Any CPU.ActiveCfg = Debug|Any CPU
		{C9F7AA46-703D-4140-954B-0231D4F65AE1}.Debug|Any CPU.Build.0 = Debug|Any CPU
		{C9F7AA46-703D-4140-954B-0231D4F65AE1}.Release|Any CPU.ActiveCfg = Release|Any CPU
		{C9F7AA46-703D-4140-954B-0231D4F65AE1}.Release|Any CPU.Build.0 = Release|Any CPU
		{F912B4D0-C68B-4480-8166-A95E4CDB1067}.Debug|Any CPU.ActiveCfg = Debug|Any CPU
		{F912B4D0-C68B-4480-8166-A95E4CDB1067}.Debug|Any CPU.Build.0 = Debug|Any CPU
		{F912B4D0-C68B-4480-8166-A95E4CDB1067}.Release|Any CPU.ActiveCfg = Release|Any CPU
		{F912B4D0-C68B-4480-8166-A95E4CDB1067}.Release|Any CPU.Build.0 = Release|Any CPU
		{8AFE46E7-6260-4ECA-A232-038B8E7CBBBB}.Debug|Any CPU.ActiveCfg = Debug|Any CPU
		{8AFE46E7-6260-4ECA-A232-038B8E7CBBBB}.Debug|Any CPU.Build.0 = Debug|Any CPU
		{8AFE46E7-6260-4ECA-A232-038B8E7CBBBB}.Release|Any CPU.ActiveCfg = Release|Any CPU
		{8AFE46E7-6260-4ECA-A232-038B8E7CBBBB}.Release|Any CPU.Build.0 = Release|Any CPU
		{CF4730B2-2C9A-4FF6-81CE-4B6ECA4D3923}.Debug|Any CPU.ActiveCfg = Debug|Any CPU
		{CF4730B2-2C9A-4FF6-81CE-4B6ECA4D3923}.Debug|Any CPU.Build.0 = Debug|Any CPU
		{CF4730B2-2C9A-4FF6-81CE-4B6ECA4D3923}.Release|Any CPU.ActiveCfg = Release|Any CPU
		{CF4730B2-2C9A-4FF6-81CE-4B6ECA4D3923}.Release|Any CPU.Build.0 = Release|Any CPU
		{EAEF0C7D-B9A5-414A-B249-C0768E07DFB1}.Debug|Any CPU.ActiveCfg = Debug|Any CPU
		{EAEF0C7D-B9A5-414A-B249-C0768E07DFB1}.Debug|Any CPU.Build.0 = Debug|Any CPU
		{EAEF0C7D-B9A5-414A-B249-C0768E07DFB1}.Release|Any CPU.ActiveCfg = Release|Any CPU
		{EAEF0C7D-B9A5-414A-B249-C0768E07DFB1}.Release|Any CPU.Build.0 = Release|Any CPU
		{1CC01A04-FD63-4248-9D45-EE9A23E9BCAB}.Debug|Any CPU.ActiveCfg = Debug|Any CPU
		{1CC01A04-FD63-4248-9D45-EE9A23E9BCAB}.Debug|Any CPU.Build.0 = Debug|Any CPU
		{1CC01A04-FD63-4248-9D45-EE9A23E9BCAB}.Release|Any CPU.ActiveCfg = Release|Any CPU
		{1CC01A04-FD63-4248-9D45-EE9A23E9BCAB}.Release|Any CPU.Build.0 = Release|Any CPU
		{2806BBE5-294E-4943-91C5-1FC4BA659F80}.Debug|Any CPU.ActiveCfg = Debug|Any CPU
		{2806BBE5-294E-4943-91C5-1FC4BA659F80}.Debug|Any CPU.Build.0 = Debug|Any CPU
		{2806BBE5-294E-4943-91C5-1FC4BA659F80}.Release|Any CPU.ActiveCfg = Release|Any CPU
		{2806BBE5-294E-4943-91C5-1FC4BA659F80}.Release|Any CPU.Build.0 = Release|Any CPU
		{DBFD6D43-FD18-4D23-AC2B-ECABB5495F4C}.Debug|Any CPU.ActiveCfg = Debug|Any CPU
		{DBFD6D43-FD18-4D23-AC2B-ECABB5495F4C}.Debug|Any CPU.Build.0 = Debug|Any CPU
		{DBFD6D43-FD18-4D23-AC2B-ECABB5495F4C}.Release|Any CPU.ActiveCfg = Release|Any CPU
		{DBFD6D43-FD18-4D23-AC2B-ECABB5495F4C}.Release|Any CPU.Build.0 = Release|Any CPU
		{A1769CDF-0E03-4F0F-B8D4-0EDA1F2CC73F}.Debug|Any CPU.ActiveCfg = Debug|Any CPU
		{A1769CDF-0E03-4F0F-B8D4-0EDA1F2CC73F}.Debug|Any CPU.Build.0 = Debug|Any CPU
		{A1769CDF-0E03-4F0F-B8D4-0EDA1F2CC73F}.Release|Any CPU.ActiveCfg = Release|Any CPU
		{A1769CDF-0E03-4F0F-B8D4-0EDA1F2CC73F}.Release|Any CPU.Build.0 = Release|Any CPU
		{632343B3-996D-49EC-82FC-AE88F67184CC}.Debug|Any CPU.ActiveCfg = Debug|Any CPU
		{632343B3-996D-49EC-82FC-AE88F67184CC}.Debug|Any CPU.Build.0 = Debug|Any CPU
		{632343B3-996D-49EC-82FC-AE88F67184CC}.Release|Any CPU.ActiveCfg = Release|Any CPU
		{632343B3-996D-49EC-82FC-AE88F67184CC}.Release|Any CPU.Build.0 = Release|Any CPU
		{CF4F02C2-DCA1-4108-8E3A-7F70A2F1AC1F}.Debug|Any CPU.ActiveCfg = Debug|Any CPU
		{CF4F02C2-DCA1-4108-8E3A-7F70A2F1AC1F}.Debug|Any CPU.Build.0 = Debug|Any CPU
		{CF4F02C2-DCA1-4108-8E3A-7F70A2F1AC1F}.Release|Any CPU.ActiveCfg = Release|Any CPU
		{CF4F02C2-DCA1-4108-8E3A-7F70A2F1AC1F}.Release|Any CPU.Build.0 = Release|Any CPU
		{428DEA02-70CB-4418-9799-384843B13E33}.Debug|Any CPU.ActiveCfg = Debug|Any CPU
		{428DEA02-70CB-4418-9799-384843B13E33}.Debug|Any CPU.Build.0 = Debug|Any CPU
		{428DEA02-70CB-4418-9799-384843B13E33}.Release|Any CPU.ActiveCfg = Release|Any CPU
		{428DEA02-70CB-4418-9799-384843B13E33}.Release|Any CPU.Build.0 = Release|Any CPU
	EndGlobalSection
	GlobalSection(SolutionProperties) = preSolution
		HideSolutionNode = FALSE
	EndGlobalSection
	GlobalSection(NestedProjects) = preSolution
		{4A20AF86-FFA7-429C-A3FD-00785CAE9D9D} = {CC403710-C216-4491-B120-D66CBAC0BAF2}
		{F4EDE1B0-A3F0-4A33-B901-52B3CEF6A448} = {4A20AF86-FFA7-429C-A3FD-00785CAE9D9D}
		{A9C6C998-459B-4F6C-BE41-0E85B9BD0F70} = {873B1CBC-CAC9-431B-B394-0D6530877C5A}
		{C9F7AA46-703D-4140-954B-0231D4F65AE1} = {E91021FE-456B-441B-A42C-E493E8FABFEF}
		{A7739171-86A8-4CCF-921A-4902EEE747F6} = {CC403710-C216-4491-B120-D66CBAC0BAF2}
		{F912B4D0-C68B-4480-8166-A95E4CDB1067} = {A7739171-86A8-4CCF-921A-4902EEE747F6}
		{20C8559E-F5E0-43FB-8E18-FB1AD0E000F9} = {CC403710-C216-4491-B120-D66CBAC0BAF2}
		{8AFE46E7-6260-4ECA-A232-038B8E7CBBBB} = {20C8559E-F5E0-43FB-8E18-FB1AD0E000F9}
		{D7213B8B-EEAC-4734-8644-1C95CDD97C40} = {CC403710-C216-4491-B120-D66CBAC0BAF2}
		{CF4730B2-2C9A-4FF6-81CE-4B6ECA4D3923} = {D7213B8B-EEAC-4734-8644-1C95CDD97C40}
		{FCEE638F-5F0C-4185-8239-2A7E1690B5E9} = {CC403710-C216-4491-B120-D66CBAC0BAF2}
		{EAEF0C7D-B9A5-414A-B249-C0768E07DFB1} = {FCEE638F-5F0C-4185-8239-2A7E1690B5E9}
		{1CC01A04-FD63-4248-9D45-EE9A23E9BCAB} = {FCEE638F-5F0C-4185-8239-2A7E1690B5E9}
		{2806BBE5-294E-4943-91C5-1FC4BA659F80} = {FCEE638F-5F0C-4185-8239-2A7E1690B5E9}
		{DBFD6D43-FD18-4D23-AC2B-ECABB5495F4C} = {FCEE638F-5F0C-4185-8239-2A7E1690B5E9}
		{A1769CDF-0E03-4F0F-B8D4-0EDA1F2CC73F} = {FCEE638F-5F0C-4185-8239-2A7E1690B5E9}
		{EE04718A-A802-46AC-8D6B-3332D8EADF6B} = {CC403710-C216-4491-B120-D66CBAC0BAF2}
		{632343B3-996D-49EC-82FC-AE88F67184CC} = {EE04718A-A802-46AC-8D6B-3332D8EADF6B}
		{CF4F02C2-DCA1-4108-8E3A-7F70A2F1AC1F} = {02AE8D95-31C5-4425-82B6-60F65940EEC1}
		{428DEA02-70CB-4418-9799-384843B13E33} = {3E15C331-F79D-45C3-8955-2D251DAEB27E}
	EndGlobalSection
	GlobalSection(ExtensibilityGlobals) = postSolution
		SolutionGuid = {7D80EE9D-8EEF-419D-A95B-FEBCB9F95D4A}
	EndGlobalSection
EndGlobal
